
Microsoft Visual Studio Solution File, Format Version 12.00
Project("{FAE04EC0-301F-11D3-BF4B-00C04F79EFBC}") = "DesktopMenu", "DesktopMenu\DesktopMenu.csproj", "{BCC5A22E-D955-400A-AE17-550AD33FF946}"
EndProject
Project("{FAE04EC0-301F-11D3-BF4B-00C04F79EFBC}") = "UcWindSystem", "UcWindSystem\UcWindSystem.csproj", "{58CEE3D5-49D1-4E06-84C2-F87D3C1B33B1}"
EndProject
Project("{FAE04EC0-301F-11D3-BF4B-00C04F79EFBC}") = "DesktopMenuTests", "DesktopMenuTests\DesktopMenuTests.csproj", "{F45FA184-7EE0-4B70-AE81-85993611423C}"
EndProject
Global
	GlobalSection(SolutionConfigurationPlatforms) = preSolution
		Debug|Any CPU = Debug|Any CPU
		Release|Any CPU = Release|Any CPU
	EndGlobalSection
	GlobalSection(ProjectConfigurationPlatforms) = postSolution
		{BCC5A22E-D955-400A-AE17-550AD33FF946}.Debug|Any CPU.ActiveCfg = Debug|Any CPU
		{BCC5A22E-D955-400A-AE17-550AD33FF946}.Debug|Any CPU.Build.0 = Debug|Any CPU
		{BCC5A22E-D955-400A-AE17-550AD33FF946}.Release|Any CPU.ActiveCfg = Release|Any CPU
		{BCC5A22E-D955-400A-AE17-550AD33FF946}.Release|Any CPU.Build.0 = Release|Any CPU
		{58CEE3D5-49D1-4E06-84C2-F87D3C1B33B1}.Debug|Any CPU.ActiveCfg = Debug|Any CPU
		{58CEE3D5-49D1-4E06-84C2-F87D3C1B33B1}.Debug|Any CPU.Build.0 = Debug|Any CPU
		{58CEE3D5-49D1-4E06-84C2-F87D3C1B33B1}.Release|Any CPU.ActiveCfg = Release|Any CPU
		{58CEE3D5-49D1-4E06-84C2-F87D3C1B33B1}.Release|Any CPU.Build.0 = Release|Any CPU
		{F45FA184-7EE0-4B70-AE81-85993611423C}.Debug|Any CPU.ActiveCfg = Debug|Any CPU
		{F45FA184-7EE0-4B70-AE81-85993611423C}.Debug|Any CPU.Build.0 = Debug|Any CPU
		{F45FA184-7EE0-4B70-AE81-85993611423C}.Release|Any CPU.ActiveCfg = Release|Any CPU
		{F45FA184-7EE0-4B70-AE81-85993611423C}.Release|Any CPU.Build.0 = Release|Any CPU
	EndGlobalSection
EndGlobal
